
Microsoft Visual Studio Solution File, Format Version 12.00
# Visual Studio Version 17
VisualStudioVersion = 17.14.36518.9 d17.14
MinimumVisualStudioVersion = 10.0.40219.1
Project("{FAE04EC0-301F-11D3-BF4B-00C04F79EFBC}") = "LibraryManagement.DTO", "LibraryManagement.DTO.csproj", "{13824DEB-4F69-4CCD-ADE9-461CF1893360}"
EndProject
Project("{FAE04EC0-301F-11D3-BF4B-00C04F79EFBC}") = "LibraryManagement.BLL", "..\LibraryManagement.BLL\LibraryManagement.BLL.csproj", "{C9F26E4C-0273-4747-B598-CDC0A390FE67}"
EndProject
Project("{FAE04EC0-301F-11D3-BF4B-00C04F79EFBC}") = "LibraryManagement.DAL", "..\LibraryManagement.DAL\LibraryManagement.DAL.csproj", "{BC8000E9-D113-4581-AB7E-501B61C20F42}"
EndProject
Global
	GlobalSection(SolutionConfigurationPlatforms) = preSolution
		Debug|Any CPU = Debug|Any CPU
		Release|Any CPU = Release|Any CPU
	EndGlobalSection
	GlobalSection(ProjectConfigurationPlatforms) = postSolution
		{13824DEB-4F69-4CCD-ADE9-461CF1893360}.Debug|Any CPU.ActiveCfg = Debug|Any CPU
		{13824DEB-4F69-4CCD-ADE9-461CF1893360}.Debug|Any CPU.Build.0 = Debug|Any CPU
		{13824DEB-4F69-4CCD-ADE9-461CF1893360}.Release|Any CPU.ActiveCfg = Release|Any CPU
		{13824DEB-4F69-4CCD-ADE9-461CF1893360}.Release|Any CPU.Build.0 = Release|Any CPU
		{C9F26E4C-0273-4747-B598-CDC0A390FE67}.Debug|Any CPU.ActiveCfg = Debug|Any CPU
		{C9F26E4C-0273-4747-B598-CDC0A390FE67}.Debug|Any CPU.Build.0 = Debug|Any CPU
		{C9F26E4C-0273-4747-B598-CDC0A390FE67}.Release|Any CPU.ActiveCfg = Release|Any CPU
		{C9F26E4C-0273-4747-B598-CDC0A390FE67}.Release|Any CPU.Build.0 = Release|Any CPU
		{BC8000E9-D113-4581-AB7E-501B61C20F42}.Debug|Any CPU.ActiveCfg = Debug|Any CPU
		{BC8000E9-D113-4581-AB7E-501B61C20F42}.Debug|Any CPU.Build.0 = Debug|Any CPU
		{BC8000E9-D113-4581-AB7E-501B61C20F42}.Release|Any CPU.ActiveCfg = Release|Any CPU
		{BC8000E9-D113-4581-AB7E-501B61C20F42}.Release|Any CPU.Build.0 = Release|Any CPU
	EndGlobalSection
	GlobalSection(SolutionProperties) = preSolution
		HideSolutionNode = FALSE
	EndGlobalSection
	GlobalSection(ExtensibilityGlobals) = postSolution
		SolutionGuid = {AFF26EBA-4430-4D33-A604-DB0135BD9139}
	EndGlobalSection
EndGlobal
